
Microsoft Visual Studio Solution File, Format Version 12.00
# Visual Studio Express 2012 for Windows Desktop
Project("{FAE04EC0-301F-11D3-BF4B-00C04F79EFBC}") = "MyFordonsInfo", "MyFordonsInfo\MyFordonsInfo.csproj", "{F1F19C32-604B-4613-ACD6-8911FF96588B}"
EndProject
Global
	GlobalSection(SolutionConfigurationPlatforms) = preSolution
		Debug|Any CPU = Debug|Any CPU
		Release|Any CPU = Release|Any CPU
	EndGlobalSection
	GlobalSection(ProjectConfigurationPlatforms) = postSolution
		{F1F19C32-604B-4613-ACD6-8911FF96588B}.Debug|Any CPU.ActiveCfg = Debug|Any CPU
		{F1F19C32-604B-4613-ACD6-8911FF96588B}.Debug|Any CPU.Build.0 = Debug|Any CPU
		{F1F19C32-604B-4613-ACD6-8911FF96588B}.Release|Any CPU.ActiveCfg = Release|Any CPU
		{F1F19C32-604B-4613-ACD6-8911FF96588B}.Release|Any CPU.Build.0 = Release|Any CPU
	EndGlobalSection
	GlobalSection(SolutionProperties) = preSolution
		HideSolutionNode = FALSE
	EndGlobalSection
EndGlobal
