
Microsoft Visual Studio Solution File, Format Version 11.00
# Visual C# Express 2010
Project("{FAE04EC0-301F-11D3-BF4B-00C04F79EFBC}") = "ExifAddLocation", "ExifAddLocation\ExifAddLocation.csproj", "{37B6AEE9-4EDF-4A34-A6B7-4EBE256BB522}"
EndProject
Global
	GlobalSection(SolutionConfigurationPlatforms) = preSolution
		Debug|Any CPU = Debug|Any CPU
		Release|Any CPU = Release|Any CPU
	EndGlobalSection
	GlobalSection(ProjectConfigurationPlatforms) = postSolution
		{37B6AEE9-4EDF-4A34-A6B7-4EBE256BB522}.Debug|Any CPU.ActiveCfg = Debug|Any CPU
		{37B6AEE9-4EDF-4A34-A6B7-4EBE256BB522}.Debug|Any CPU.Build.0 = Debug|Any CPU
		{37B6AEE9-4EDF-4A34-A6B7-4EBE256BB522}.Release|Any CPU.ActiveCfg = Release|Any CPU
		{37B6AEE9-4EDF-4A34-A6B7-4EBE256BB522}.Release|Any CPU.Build.0 = Release|Any CPU
	EndGlobalSection
	GlobalSection(SolutionProperties) = preSolution
		HideSolutionNode = FALSE
	EndGlobalSection
EndGlobal
