
Microsoft Visual Studio Solution File, Format Version 11.00
# Visual C# Express 2010
Project("{FAE04EC0-301F-11D3-BF4B-00C04F79EFBC}") = "MyAppRunner", "MyAppRunner\MyAppRunner.csproj", "{CBC132A7-7B30-4672-8A8D-742ED1B7E974}"
EndProject
Global
	GlobalSection(SolutionConfigurationPlatforms) = preSolution
		CodeAnalysisDebug|Any CPU = CodeAnalysisDebug|Any CPU
		CodeAnalysisDebug|Mixed Platforms = CodeAnalysisDebug|Mixed Platforms
		CodeAnalysisDebug|x64 = CodeAnalysisDebug|x64
		CodeAnalysisDebug|x86 = CodeAnalysisDebug|x86
		Debug|Any CPU = Debug|Any CPU
		Debug|Mixed Platforms = Debug|Mixed Platforms
		Debug|x64 = Debug|x64
		Debug|x86 = Debug|x86
		Release|Any CPU = Release|Any CPU
		Release|Mixed Platforms = Release|Mixed Platforms
		Release|x64 = Release|x64
		Release|x86 = Release|x86
	EndGlobalSection
	GlobalSection(ProjectConfigurationPlatforms) = postSolution
		{CBC132A7-7B30-4672-8A8D-742ED1B7E974}.CodeAnalysisDebug|Any CPU.ActiveCfg = Debug|x86
		{CBC132A7-7B30-4672-8A8D-742ED1B7E974}.CodeAnalysisDebug|Mixed Platforms.ActiveCfg = Debug|x86
		{CBC132A7-7B30-4672-8A8D-742ED1B7E974}.CodeAnalysisDebug|Mixed Platforms.Build.0 = Debug|x86
		{CBC132A7-7B30-4672-8A8D-742ED1B7E974}.CodeAnalysisDebug|x64.ActiveCfg = Debug|x86
		{CBC132A7-7B30-4672-8A8D-742ED1B7E974}.CodeAnalysisDebug|x86.ActiveCfg = Debug|x86
		{CBC132A7-7B30-4672-8A8D-742ED1B7E974}.CodeAnalysisDebug|x86.Build.0 = Debug|x86
		{CBC132A7-7B30-4672-8A8D-742ED1B7E974}.Debug|Any CPU.ActiveCfg = Debug|x86
		{CBC132A7-7B30-4672-8A8D-742ED1B7E974}.Debug|Mixed Platforms.ActiveCfg = Release|x86
		{CBC132A7-7B30-4672-8A8D-742ED1B7E974}.Debug|Mixed Platforms.Build.0 = Release|x86
		{CBC132A7-7B30-4672-8A8D-742ED1B7E974}.Debug|x64.ActiveCfg = Debug|x86
		{CBC132A7-7B30-4672-8A8D-742ED1B7E974}.Debug|x86.ActiveCfg = Debug|x86
		{CBC132A7-7B30-4672-8A8D-742ED1B7E974}.Debug|x86.Build.0 = Debug|x86
		{CBC132A7-7B30-4672-8A8D-742ED1B7E974}.Release|Any CPU.ActiveCfg = Release|x86
		{CBC132A7-7B30-4672-8A8D-742ED1B7E974}.Release|Mixed Platforms.ActiveCfg = Release|x86
		{CBC132A7-7B30-4672-8A8D-742ED1B7E974}.Release|Mixed Platforms.Build.0 = Release|x86
		{CBC132A7-7B30-4672-8A8D-742ED1B7E974}.Release|x64.ActiveCfg = Release|x86
		{CBC132A7-7B30-4672-8A8D-742ED1B7E974}.Release|x86.ActiveCfg = Release|x86
		{CBC132A7-7B30-4672-8A8D-742ED1B7E974}.Release|x86.Build.0 = Release|x86
	EndGlobalSection
	GlobalSection(SolutionProperties) = preSolution
		HideSolutionNode = FALSE
	EndGlobalSection
EndGlobal
