
Microsoft Visual Studio Solution File, Format Version 12.00
# Visual Studio Express 2012 for Windows Desktop
Project("{FAE04EC0-301F-11D3-BF4B-00C04F79EFBC}") = "MyDllImport", "MyDllImport\MyDllImport.csproj", "{F3E89929-71A9-485A-8876-565E4AB689C5}"
EndProject
Project("{FAE04EC0-301F-11D3-BF4B-00C04F79EFBC}") = "TestConsole", "TestConsole\TestConsole.csproj", "{E80D2D5B-9DE9-4127-A49C-0B99EF6672FA}"
EndProject
Project("{FAE04EC0-301F-11D3-BF4B-00C04F79EFBC}") = "TestForm", "TestForm\TestForm.csproj", "{A8B64AA1-2D27-4198-A7E2-BB5569336E4A}"
EndProject
Global
	GlobalSection(SolutionConfigurationPlatforms) = preSolution
		Debug|Any CPU = Debug|Any CPU
		Debug|Mixed Platforms = Debug|Mixed Platforms
		Debug|x86 = Debug|x86
		Release|Any CPU = Release|Any CPU
		Release|Mixed Platforms = Release|Mixed Platforms
		Release|x86 = Release|x86
	EndGlobalSection
	GlobalSection(ProjectConfigurationPlatforms) = postSolution
		{F3E89929-71A9-485A-8876-565E4AB689C5}.Debug|Any CPU.ActiveCfg = Debug|Any CPU
		{F3E89929-71A9-485A-8876-565E4AB689C5}.Debug|Any CPU.Build.0 = Debug|Any CPU
		{F3E89929-71A9-485A-8876-565E4AB689C5}.Debug|Mixed Platforms.ActiveCfg = Debug|Any CPU
		{F3E89929-71A9-485A-8876-565E4AB689C5}.Debug|Mixed Platforms.Build.0 = Debug|Any CPU
		{F3E89929-71A9-485A-8876-565E4AB689C5}.Debug|x86.ActiveCfg = Debug|Any CPU
		{F3E89929-71A9-485A-8876-565E4AB689C5}.Release|Any CPU.ActiveCfg = Release|Any CPU
		{F3E89929-71A9-485A-8876-565E4AB689C5}.Release|Any CPU.Build.0 = Release|Any CPU
		{F3E89929-71A9-485A-8876-565E4AB689C5}.Release|Mixed Platforms.ActiveCfg = Release|Any CPU
		{F3E89929-71A9-485A-8876-565E4AB689C5}.Release|Mixed Platforms.Build.0 = Release|Any CPU
		{F3E89929-71A9-485A-8876-565E4AB689C5}.Release|x86.ActiveCfg = Release|Any CPU
		{E80D2D5B-9DE9-4127-A49C-0B99EF6672FA}.Debug|Any CPU.ActiveCfg = Debug|x86
		{E80D2D5B-9DE9-4127-A49C-0B99EF6672FA}.Debug|Mixed Platforms.ActiveCfg = Debug|x86
		{E80D2D5B-9DE9-4127-A49C-0B99EF6672FA}.Debug|Mixed Platforms.Build.0 = Debug|x86
		{E80D2D5B-9DE9-4127-A49C-0B99EF6672FA}.Debug|x86.ActiveCfg = Debug|x86
		{E80D2D5B-9DE9-4127-A49C-0B99EF6672FA}.Debug|x86.Build.0 = Debug|x86
		{E80D2D5B-9DE9-4127-A49C-0B99EF6672FA}.Release|Any CPU.ActiveCfg = Release|x86
		{E80D2D5B-9DE9-4127-A49C-0B99EF6672FA}.Release|Mixed Platforms.ActiveCfg = Release|x86
		{E80D2D5B-9DE9-4127-A49C-0B99EF6672FA}.Release|Mixed Platforms.Build.0 = Release|x86
		{E80D2D5B-9DE9-4127-A49C-0B99EF6672FA}.Release|x86.ActiveCfg = Release|x86
		{E80D2D5B-9DE9-4127-A49C-0B99EF6672FA}.Release|x86.Build.0 = Release|x86
		{A8B64AA1-2D27-4198-A7E2-BB5569336E4A}.Debug|Any CPU.ActiveCfg = Debug|Any CPU
		{A8B64AA1-2D27-4198-A7E2-BB5569336E4A}.Debug|Any CPU.Build.0 = Debug|Any CPU
		{A8B64AA1-2D27-4198-A7E2-BB5569336E4A}.Debug|Mixed Platforms.ActiveCfg = Debug|Any CPU
		{A8B64AA1-2D27-4198-A7E2-BB5569336E4A}.Debug|Mixed Platforms.Build.0 = Debug|Any CPU
		{A8B64AA1-2D27-4198-A7E2-BB5569336E4A}.Debug|x86.ActiveCfg = Debug|Any CPU
		{A8B64AA1-2D27-4198-A7E2-BB5569336E4A}.Release|Any CPU.ActiveCfg = Release|Any CPU
		{A8B64AA1-2D27-4198-A7E2-BB5569336E4A}.Release|Any CPU.Build.0 = Release|Any CPU
		{A8B64AA1-2D27-4198-A7E2-BB5569336E4A}.Release|Mixed Platforms.ActiveCfg = Release|Any CPU
		{A8B64AA1-2D27-4198-A7E2-BB5569336E4A}.Release|Mixed Platforms.Build.0 = Release|Any CPU
		{A8B64AA1-2D27-4198-A7E2-BB5569336E4A}.Release|x86.ActiveCfg = Release|Any CPU
	EndGlobalSection
	GlobalSection(SolutionProperties) = preSolution
		HideSolutionNode = FALSE
	EndGlobalSection
EndGlobal
